
Microsoft Visual Studio Solution File, Format Version 12.00
# Visual Studio Version 17
VisualStudioVersion = 17.11.35327.3
MinimumVisualStudioVersion = 10.0.40219.1
Project("{FAE04EC0-301F-11D3-BF4B-00C04F79EFBC}") = "principles of OOP", "principles of OOP\principles of OOP.csproj", "{ADA09535-59F5-4664-995A-CCFB9FE12625}"
EndProject
Project("{FAE04EC0-301F-11D3-BF4B-00C04F79EFBC}") = "principles of SOLID", "principles of SOLID\principles of SOLID.csproj", "{74605047-B2DC-4F99-AE77-F122FBE12C85}"
EndProject
Project("{FAE04EC0-301F-11D3-BF4B-00C04F79EFBC}") = "Generics", "Generics\Generics.csproj", "{61555922-8118-4620-A7AE-BFF703686272}"
EndProject
Global
	GlobalSection(SolutionConfigurationPlatforms) = preSolution
		Debug|Any CPU = Debug|Any CPU
		Release|Any CPU = Release|Any CPU
	EndGlobalSection
	GlobalSection(ProjectConfigurationPlatforms) = postSolution
		{ADA09535-59F5-4664-995A-CCFB9FE12625}.Debug|Any CPU.ActiveCfg = Debug|Any CPU
		{ADA09535-59F5-4664-995A-CCFB9FE12625}.Debug|Any CPU.Build.0 = Debug|Any CPU
		{ADA09535-59F5-4664-995A-CCFB9FE12625}.Release|Any CPU.ActiveCfg = Release|Any CPU
		{ADA09535-59F5-4664-995A-CCFB9FE12625}.Release|Any CPU.Build.0 = Release|Any CPU
		{74605047-B2DC-4F99-AE77-F122FBE12C85}.Debug|Any CPU.ActiveCfg = Debug|Any CPU
		{74605047-B2DC-4F99-AE77-F122FBE12C85}.Debug|Any CPU.Build.0 = Debug|Any CPU
		{74605047-B2DC-4F99-AE77-F122FBE12C85}.Release|Any CPU.ActiveCfg = Release|Any CPU
		{74605047-B2DC-4F99-AE77-F122FBE12C85}.Release|Any CPU.Build.0 = Release|Any CPU
		{61555922-8118-4620-A7AE-BFF703686272}.Debug|Any CPU.ActiveCfg = Debug|Any CPU
		{61555922-8118-4620-A7AE-BFF703686272}.Debug|Any CPU.Build.0 = Debug|Any CPU
		{61555922-8118-4620-A7AE-BFF703686272}.Release|Any CPU.ActiveCfg = Release|Any CPU
		{61555922-8118-4620-A7AE-BFF703686272}.Release|Any CPU.Build.0 = Release|Any CPU
	EndGlobalSection
	GlobalSection(SolutionProperties) = preSolution
		HideSolutionNode = FALSE
	EndGlobalSection
	GlobalSection(ExtensibilityGlobals) = postSolution
		SolutionGuid = {16D625B3-7D08-424A-BD75-1D7361A99FFE}
	EndGlobalSection
EndGlobal
